
Microsoft Visual Studio Solution File, Format Version 12.00
# Visual Studio Version 17
VisualStudioVersion = 17.7.34031.279
MinimumVisualStudioVersion = 10.0.40219.1
Project("{2150E333-8FDC-42A3-9474-1A3956D46DE8}") = "Clientes", "Clientes", "{9C4A1CEF-B0CE-4304-BDE2-26983300F9A2}"
EndProject
Project("{2150E333-8FDC-42A3-9474-1A3956D46DE8}") = "Android.App", "Android.App", "{6DAF93FC-2CAD-409A-96CC-3C11ADB9BA56}"
EndProject
Project("{2150E333-8FDC-42A3-9474-1A3956D46DE8}") = "Test", "Test", "{319256B9-6312-4002-A42C-0DE425E77FDF}"
EndProject
Project("{2150E333-8FDC-42A3-9474-1A3956D46DE8}") = "Android.App.Test", "Android.App.Test", "{06E82393-5E3D-4EE8-B50E-909C82E89C6B}"
EndProject
Project("{9A19103F-16F7-4668-BE54-9A1E7A4F7556}") = "TestProject", "TestProject\TestProject.csproj", "{C34F3CDF-D6FE-4224-85A9-FE0F62FED40C}"
EndProject
Project("{9A19103F-16F7-4668-BE54-9A1E7A4F7556}") = "Ebra.App", "Ebra.App\Ebra.App\Ebra.App.csproj", "{D3D0F606-C3A6-4B1D-9240-65E467DD1A0B}"
EndProject
Project("{FAE04EC0-301F-11D3-BF4B-00C04F79EFBC}") = "Ebra.App.Android", "Ebra.App\Ebra.App.Android\Ebra.App.Android.csproj", "{165420F1-CF2E-407A-8CAA-A62421261331}"
EndProject
Project("{FAE04EC0-301F-11D3-BF4B-00C04F79EFBC}") = "Ebra.App.UITest", "Ebra.App.UITest\Ebra.App.UITest.csproj", "{D0D0F66E-E241-4082-8852-15E0C417631F}"
EndProject
Project("{9A19103F-16F7-4668-BE54-9A1E7A4F7556}") = "Ebra.Server.API", "Ebra.Server.API\Ebra.Server.API.csproj", "{3AE2E53C-FCC6-4C60-ABC7-25140337357B}"
EndProject
Project("{2150E333-8FDC-42A3-9474-1A3956D46DE8}") = "WPF", "WPF", "{189DCFC4-2A56-428D-BFD4-5F446DA4DF66}"
EndProject
Project("{9A19103F-16F7-4668-BE54-9A1E7A4F7556}") = "Ebra.WPF", "Ebra.WPF\Ebra.WPF.csproj", "{C591DC62-FDE3-427A-95B3-07A5D9B8665E}"
EndProject
Project("{2150E333-8FDC-42A3-9474-1A3956D46DE8}") = "Shared", "Shared", "{D1789F1B-5CAA-4663-B3B6-D4FA1F03997F}"
EndProject
Project("{9A19103F-16F7-4668-BE54-9A1E7A4F7556}") = "Ebra.Models", "Ebra.Model\Ebra.Models.csproj", "{F276FCC8-6C10-4407-909D-F6D62BFE70F8}"
EndProject
Project("{2150E333-8FDC-42A3-9474-1A3956D46DE8}") = "Modules", "Modules", "{DD377E68-BB78-4D97-96A9-7CDA42A3AC44}"
EndProject
Project("{9A19103F-16F7-4668-BE54-9A1E7A4F7556}") = "ArticlesModule", "ArticlesModule\ArticlesModule.csproj", "{389E6903-FFF4-4E81-B7C4-5F27DE542D13}"
EndProject
Project("{FAE04EC0-301F-11D3-BF4B-00C04F79EFBC}") = "ProcessModule", "ProcessModule\ProcessModule.csproj", "{573F8E78-92E5-4D24-AB76-E8F06E506A77}"
EndProject
Project("{FAE04EC0-301F-11D3-BF4B-00C04F79EFBC}") = "Ebra.Infrastructure", "Ebra.Infrastructure\Ebra.Infrastructure.csproj", "{CB6954C6-C413-4960-8FED-BAD8209E1BCF}"
EndProject
Project("{FAE04EC0-301F-11D3-BF4B-00C04F79EFBC}") = "ConfigurationModule", "ConfigurationModule\ConfigurationModule.csproj", "{B824C164-0D00-47F6-A6E4-A336AEA388E8}"
EndProject
Global
	GlobalSection(SolutionConfigurationPlatforms) = preSolution
		Debug|Any CPU = Debug|Any CPU
		Debug|iPhone = Debug|iPhone
		Debug|iPhoneSimulator = Debug|iPhoneSimulator
		Release|Any CPU = Release|Any CPU
		Release|iPhone = Release|iPhone
		Release|iPhoneSimulator = Release|iPhoneSimulator
	EndGlobalSection
	GlobalSection(ProjectConfigurationPlatforms) = postSolution
		{C34F3CDF-D6FE-4224-85A9-FE0F62FED40C}.Debug|Any CPU.ActiveCfg = Debug|Any CPU
		{C34F3CDF-D6FE-4224-85A9-FE0F62FED40C}.Debug|Any CPU.Build.0 = Debug|Any CPU
		{C34F3CDF-D6FE-4224-85A9-FE0F62FED40C}.Debug|iPhone.ActiveCfg = Debug|Any CPU
		{C34F3CDF-D6FE-4224-85A9-FE0F62FED40C}.Debug|iPhone.Build.0 = Debug|Any CPU
		{C34F3CDF-D6FE-4224-85A9-FE0F62FED40C}.Debug|iPhoneSimulator.ActiveCfg = Debug|Any CPU
		{C34F3CDF-D6FE-4224-85A9-FE0F62FED40C}.Debug|iPhoneSimulator.Build.0 = Debug|Any CPU
		{C34F3CDF-D6FE-4224-85A9-FE0F62FED40C}.Release|Any CPU.ActiveCfg = Release|Any CPU
		{C34F3CDF-D6FE-4224-85A9-FE0F62FED40C}.Release|Any CPU.Build.0 = Release|Any CPU
		{C34F3CDF-D6FE-4224-85A9-FE0F62FED40C}.Release|iPhone.ActiveCfg = Release|Any CPU
		{C34F3CDF-D6FE-4224-85A9-FE0F62FED40C}.Release|iPhone.Build.0 = Release|Any CPU
		{C34F3CDF-D6FE-4224-85A9-FE0F62FED40C}.Release|iPhoneSimulator.ActiveCfg = Release|Any CPU
		{C34F3CDF-D6FE-4224-85A9-FE0F62FED40C}.Release|iPhoneSimulator.Build.0 = Release|Any CPU
		{D3D0F606-C3A6-4B1D-9240-65E467DD1A0B}.Debug|Any CPU.ActiveCfg = Debug|Any CPU
		{D3D0F606-C3A6-4B1D-9240-65E467DD1A0B}.Debug|Any CPU.Build.0 = Debug|Any CPU
		{D3D0F606-C3A6-4B1D-9240-65E467DD1A0B}.Debug|iPhone.ActiveCfg = Debug|Any CPU
		{D3D0F606-C3A6-4B1D-9240-65E467DD1A0B}.Debug|iPhone.Build.0 = Debug|Any CPU
		{D3D0F606-C3A6-4B1D-9240-65E467DD1A0B}.Debug|iPhoneSimulator.ActiveCfg = Debug|Any CPU
		{D3D0F606-C3A6-4B1D-9240-65E467DD1A0B}.Debug|iPhoneSimulator.Build.0 = Debug|Any CPU
		{D3D0F606-C3A6-4B1D-9240-65E467DD1A0B}.Release|Any CPU.ActiveCfg = Release|Any CPU
		{D3D0F606-C3A6-4B1D-9240-65E467DD1A0B}.Release|Any CPU.Build.0 = Release|Any CPU
		{D3D0F606-C3A6-4B1D-9240-65E467DD1A0B}.Release|iPhone.ActiveCfg = Release|Any CPU
		{D3D0F606-C3A6-4B1D-9240-65E467DD1A0B}.Release|iPhone.Build.0 = Release|Any CPU
		{D3D0F606-C3A6-4B1D-9240-65E467DD1A0B}.Release|iPhoneSimulator.ActiveCfg = Release|Any CPU
		{D3D0F606-C3A6-4B1D-9240-65E467DD1A0B}.Release|iPhoneSimulator.Build.0 = Release|Any CPU
		{165420F1-CF2E-407A-8CAA-A62421261331}.Debug|Any CPU.ActiveCfg = Debug|Any CPU
		{165420F1-CF2E-407A-8CAA-A62421261331}.Debug|Any CPU.Build.0 = Debug|Any CPU
		{165420F1-CF2E-407A-8CAA-A62421261331}.Debug|Any CPU.Deploy.0 = Debug|Any CPU
		{165420F1-CF2E-407A-8CAA-A62421261331}.Debug|iPhone.ActiveCfg = Debug|Any CPU
		{165420F1-CF2E-407A-8CAA-A62421261331}.Debug|iPhone.Build.0 = Debug|Any CPU
		{165420F1-CF2E-407A-8CAA-A62421261331}.Debug|iPhone.Deploy.0 = Debug|Any CPU
		{165420F1-CF2E-407A-8CAA-A62421261331}.Debug|iPhoneSimulator.ActiveCfg = Debug|Any CPU
		{165420F1-CF2E-407A-8CAA-A62421261331}.Debug|iPhoneSimulator.Build.0 = Debug|Any CPU
		{165420F1-CF2E-407A-8CAA-A62421261331}.Debug|iPhoneSimulator.Deploy.0 = Debug|Any CPU
		{165420F1-CF2E-407A-8CAA-A62421261331}.Release|Any CPU.ActiveCfg = Release|Any CPU
		{165420F1-CF2E-407A-8CAA-A62421261331}.Release|Any CPU.Build.0 = Release|Any CPU
		{165420F1-CF2E-407A-8CAA-A62421261331}.Release|Any CPU.Deploy.0 = Release|Any CPU
		{165420F1-CF2E-407A-8CAA-A62421261331}.Release|iPhone.ActiveCfg = Release|Any CPU
		{165420F1-CF2E-407A-8CAA-A62421261331}.Release|iPhone.Build.0 = Release|Any CPU
		{165420F1-CF2E-407A-8CAA-A62421261331}.Release|iPhone.Deploy.0 = Release|Any CPU
		{165420F1-CF2E-407A-8CAA-A62421261331}.Release|iPhoneSimulator.ActiveCfg = Release|Any CPU
		{165420F1-CF2E-407A-8CAA-A62421261331}.Release|iPhoneSimulator.Build.0 = Release|Any CPU
		{165420F1-CF2E-407A-8CAA-A62421261331}.Release|iPhoneSimulator.Deploy.0 = Release|Any CPU
		{D0D0F66E-E241-4082-8852-15E0C417631F}.Debug|Any CPU.ActiveCfg = Debug|Any CPU
		{D0D0F66E-E241-4082-8852-15E0C417631F}.Debug|Any CPU.Build.0 = Debug|Any CPU
		{D0D0F66E-E241-4082-8852-15E0C417631F}.Debug|iPhone.ActiveCfg = Debug|Any CPU
		{D0D0F66E-E241-4082-8852-15E0C417631F}.Debug|iPhone.Build.0 = Debug|Any CPU
		{D0D0F66E-E241-4082-8852-15E0C417631F}.Debug|iPhoneSimulator.ActiveCfg = Debug|Any CPU
		{D0D0F66E-E241-4082-8852-15E0C417631F}.Debug|iPhoneSimulator.Build.0 = Debug|Any CPU
		{D0D0F66E-E241-4082-8852-15E0C417631F}.Release|Any CPU.ActiveCfg = Release|Any CPU
		{D0D0F66E-E241-4082-8852-15E0C417631F}.Release|Any CPU.Build.0 = Release|Any CPU
		{D0D0F66E-E241-4082-8852-15E0C417631F}.Release|iPhone.ActiveCfg = Release|Any CPU
		{D0D0F66E-E241-4082-8852-15E0C417631F}.Release|iPhone.Build.0 = Release|Any CPU
		{D0D0F66E-E241-4082-8852-15E0C417631F}.Release|iPhoneSimulator.ActiveCfg = Release|Any CPU
		{D0D0F66E-E241-4082-8852-15E0C417631F}.Release|iPhoneSimulator.Build.0 = Release|Any CPU
		{3AE2E53C-FCC6-4C60-ABC7-25140337357B}.Debug|Any CPU.ActiveCfg = Debug|Any CPU
		{3AE2E53C-FCC6-4C60-ABC7-25140337357B}.Debug|Any CPU.Build.0 = Debug|Any CPU
		{3AE2E53C-FCC6-4C60-ABC7-25140337357B}.Debug|iPhone.ActiveCfg = Debug|Any CPU
		{3AE2E53C-FCC6-4C60-ABC7-25140337357B}.Debug|iPhone.Build.0 = Debug|Any CPU
		{3AE2E53C-FCC6-4C60-ABC7-25140337357B}.Debug|iPhoneSimulator.ActiveCfg = Debug|Any CPU
		{3AE2E53C-FCC6-4C60-ABC7-25140337357B}.Debug|iPhoneSimulator.Build.0 = Debug|Any CPU
		{3AE2E53C-FCC6-4C60-ABC7-25140337357B}.Release|Any CPU.ActiveCfg = Release|Any CPU
		{3AE2E53C-FCC6-4C60-ABC7-25140337357B}.Release|Any CPU.Build.0 = Release|Any CPU
		{3AE2E53C-FCC6-4C60-ABC7-25140337357B}.Release|iPhone.ActiveCfg = Release|Any CPU
		{3AE2E53C-FCC6-4C60-ABC7-25140337357B}.Release|iPhone.Build.0 = Release|Any CPU
		{3AE2E53C-FCC6-4C60-ABC7-25140337357B}.Release|iPhoneSimulator.ActiveCfg = Release|Any CPU
		{3AE2E53C-FCC6-4C60-ABC7-25140337357B}.Release|iPhoneSimulator.Build.0 = Release|Any CPU
		{C591DC62-FDE3-427A-95B3-07A5D9B8665E}.Debug|Any CPU.ActiveCfg = Debug|Any CPU
		{C591DC62-FDE3-427A-95B3-07A5D9B8665E}.Debug|Any CPU.Build.0 = Debug|Any CPU
		{C591DC62-FDE3-427A-95B3-07A5D9B8665E}.Debug|iPhone.ActiveCfg = Debug|Any CPU
		{C591DC62-FDE3-427A-95B3-07A5D9B8665E}.Debug|iPhone.Build.0 = Debug|Any CPU
		{C591DC62-FDE3-427A-95B3-07A5D9B8665E}.Debug|iPhoneSimulator.ActiveCfg = Debug|Any CPU
		{C591DC62-FDE3-427A-95B3-07A5D9B8665E}.Debug|iPhoneSimulator.Build.0 = Debug|Any CPU
		{C591DC62-FDE3-427A-95B3-07A5D9B8665E}.Release|Any CPU.ActiveCfg = Release|Any CPU
		{C591DC62-FDE3-427A-95B3-07A5D9B8665E}.Release|Any CPU.Build.0 = Release|Any CPU
		{C591DC62-FDE3-427A-95B3-07A5D9B8665E}.Release|iPhone.ActiveCfg = Release|Any CPU
		{C591DC62-FDE3-427A-95B3-07A5D9B8665E}.Release|iPhone.Build.0 = Release|Any CPU
		{C591DC62-FDE3-427A-95B3-07A5D9B8665E}.Release|iPhoneSimulator.ActiveCfg = Release|Any CPU
		{C591DC62-FDE3-427A-95B3-07A5D9B8665E}.Release|iPhoneSimulator.Build.0 = Release|Any CPU
		{F276FCC8-6C10-4407-909D-F6D62BFE70F8}.Debug|Any CPU.ActiveCfg = Debug|Any CPU
		{F276FCC8-6C10-4407-909D-F6D62BFE70F8}.Debug|Any CPU.Build.0 = Debug|Any CPU
		{F276FCC8-6C10-4407-909D-F6D62BFE70F8}.Debug|iPhone.ActiveCfg = Debug|Any CPU
		{F276FCC8-6C10-4407-909D-F6D62BFE70F8}.Debug|iPhone.Build.0 = Debug|Any CPU
		{F276FCC8-6C10-4407-909D-F6D62BFE70F8}.Debug|iPhoneSimulator.ActiveCfg = Debug|Any CPU
		{F276FCC8-6C10-4407-909D-F6D62BFE70F8}.Debug|iPhoneSimulator.Build.0 = Debug|Any CPU
		{F276FCC8-6C10-4407-909D-F6D62BFE70F8}.Release|Any CPU.ActiveCfg = Release|Any CPU
		{F276FCC8-6C10-4407-909D-F6D62BFE70F8}.Release|Any CPU.Build.0 = Release|Any CPU
		{F276FCC8-6C10-4407-909D-F6D62BFE70F8}.Release|iPhone.ActiveCfg = Release|Any CPU
		{F276FCC8-6C10-4407-909D-F6D62BFE70F8}.Release|iPhone.Build.0 = Release|Any CPU
		{F276FCC8-6C10-4407-909D-F6D62BFE70F8}.Release|iPhoneSimulator.ActiveCfg = Release|Any CPU
		{F276FCC8-6C10-4407-909D-F6D62BFE70F8}.Release|iPhoneSimulator.Build.0 = Release|Any CPU
		{389E6903-FFF4-4E81-B7C4-5F27DE542D13}.Debug|Any CPU.ActiveCfg = Debug|Any CPU
		{389E6903-FFF4-4E81-B7C4-5F27DE542D13}.Debug|Any CPU.Build.0 = Debug|Any CPU
		{389E6903-FFF4-4E81-B7C4-5F27DE542D13}.Debug|iPhone.ActiveCfg = Debug|Any CPU
		{389E6903-FFF4-4E81-B7C4-5F27DE542D13}.Debug|iPhone.Build.0 = Debug|Any CPU
		{389E6903-FFF4-4E81-B7C4-5F27DE542D13}.Debug|iPhoneSimulator.ActiveCfg = Debug|Any CPU
		{389E6903-FFF4-4E81-B7C4-5F27DE542D13}.Debug|iPhoneSimulator.Build.0 = Debug|Any CPU
		{389E6903-FFF4-4E81-B7C4-5F27DE542D13}.Release|Any CPU.ActiveCfg = Release|Any CPU
		{389E6903-FFF4-4E81-B7C4-5F27DE542D13}.Release|Any CPU.Build.0 = Release|Any CPU
		{389E6903-FFF4-4E81-B7C4-5F27DE542D13}.Release|iPhone.ActiveCfg = Release|Any CPU
		{389E6903-FFF4-4E81-B7C4-5F27DE542D13}.Release|iPhone.Build.0 = Release|Any CPU
		{389E6903-FFF4-4E81-B7C4-5F27DE542D13}.Release|iPhoneSimulator.ActiveCfg = Release|Any CPU
		{389E6903-FFF4-4E81-B7C4-5F27DE542D13}.Release|iPhoneSimulator.Build.0 = Release|Any CPU
		{573F8E78-92E5-4D24-AB76-E8F06E506A77}.Debug|Any CPU.ActiveCfg = Debug|Any CPU
		{573F8E78-92E5-4D24-AB76-E8F06E506A77}.Debug|Any CPU.Build.0 = Debug|Any CPU
		{573F8E78-92E5-4D24-AB76-E8F06E506A77}.Debug|iPhone.ActiveCfg = Debug|Any CPU
		{573F8E78-92E5-4D24-AB76-E8F06E506A77}.Debug|iPhone.Build.0 = Debug|Any CPU
		{573F8E78-92E5-4D24-AB76-E8F06E506A77}.Debug|iPhoneSimulator.ActiveCfg = Debug|Any CPU
		{573F8E78-92E5-4D24-AB76-E8F06E506A77}.Debug|iPhoneSimulator.Build.0 = Debug|Any CPU
		{573F8E78-92E5-4D24-AB76-E8F06E506A77}.Release|Any CPU.ActiveCfg = Release|Any CPU
		{573F8E78-92E5-4D24-AB76-E8F06E506A77}.Release|Any CPU.Build.0 = Release|Any CPU
		{573F8E78-92E5-4D24-AB76-E8F06E506A77}.Release|iPhone.ActiveCfg = Release|Any CPU
		{573F8E78-92E5-4D24-AB76-E8F06E506A77}.Release|iPhone.Build.0 = Release|Any CPU
		{573F8E78-92E5-4D24-AB76-E8F06E506A77}.Release|iPhoneSimulator.ActiveCfg = Release|Any CPU
		{573F8E78-92E5-4D24-AB76-E8F06E506A77}.Release|iPhoneSimulator.Build.0 = Release|Any CPU
		{CB6954C6-C413-4960-8FED-BAD8209E1BCF}.Debug|Any CPU.ActiveCfg = Debug|Any CPU
		{CB6954C6-C413-4960-8FED-BAD8209E1BCF}.Debug|Any CPU.Build.0 = Debug|Any CPU
		{CB6954C6-C413-4960-8FED-BAD8209E1BCF}.Debug|iPhone.ActiveCfg = Debug|Any CPU
		{CB6954C6-C413-4960-8FED-BAD8209E1BCF}.Debug|iPhone.Build.0 = Debug|Any CPU
		{CB6954C6-C413-4960-8FED-BAD8209E1BCF}.Debug|iPhoneSimulator.ActiveCfg = Debug|Any CPU
		{CB6954C6-C413-4960-8FED-BAD8209E1BCF}.Debug|iPhoneSimulator.Build.0 = Debug|Any CPU
		{CB6954C6-C413-4960-8FED-BAD8209E1BCF}.Release|Any CPU.ActiveCfg = Release|Any CPU
		{CB6954C6-C413-4960-8FED-BAD8209E1BCF}.Release|Any CPU.Build.0 = Release|Any CPU
		{CB6954C6-C413-4960-8FED-BAD8209E1BCF}.Release|iPhone.ActiveCfg = Release|Any CPU
		{CB6954C6-C413-4960-8FED-BAD8209E1BCF}.Release|iPhone.Build.0 = Release|Any CPU
		{CB6954C6-C413-4960-8FED-BAD8209E1BCF}.Release|iPhoneSimulator.ActiveCfg = Release|Any CPU
		{CB6954C6-C413-4960-8FED-BAD8209E1BCF}.Release|iPhoneSimulator.Build.0 = Release|Any CPU
		{B824C164-0D00-47F6-A6E4-A336AEA388E8}.Debug|Any CPU.ActiveCfg = Debug|Any CPU
		{B824C164-0D00-47F6-A6E4-A336AEA388E8}.Debug|Any CPU.Build.0 = Debug|Any CPU
		{B824C164-0D00-47F6-A6E4-A336AEA388E8}.Debug|iPhone.ActiveCfg = Debug|Any CPU
		{B824C164-0D00-47F6-A6E4-A336AEA388E8}.Debug|iPhone.Build.0 = Debug|Any CPU
		{B824C164-0D00-47F6-A6E4-A336AEA388E8}.Debug|iPhoneSimulator.ActiveCfg = Debug|Any CPU
		{B824C164-0D00-47F6-A6E4-A336AEA388E8}.Debug|iPhoneSimulator.Build.0 = Debug|Any CPU
		{B824C164-0D00-47F6-A6E4-A336AEA388E8}.Release|Any CPU.ActiveCfg = Release|Any CPU
		{B824C164-0D00-47F6-A6E4-A336AEA388E8}.Release|Any CPU.Build.0 = Release|Any CPU
		{B824C164-0D00-47F6-A6E4-A336AEA388E8}.Release|iPhone.ActiveCfg = Release|Any CPU
		{B824C164-0D00-47F6-A6E4-A336AEA388E8}.Release|iPhone.Build.0 = Release|Any CPU
		{B824C164-0D00-47F6-A6E4-A336AEA388E8}.Release|iPhoneSimulator.ActiveCfg = Release|Any CPU
		{B824C164-0D00-47F6-A6E4-A336AEA388E8}.Release|iPhoneSimulator.Build.0 = Release|Any CPU
	EndGlobalSection
	GlobalSection(SolutionProperties) = preSolution
		HideSolutionNode = FALSE
	EndGlobalSection
	GlobalSection(NestedProjects) = preSolution
		{6DAF93FC-2CAD-409A-96CC-3C11ADB9BA56} = {9C4A1CEF-B0CE-4304-BDE2-26983300F9A2}
		{06E82393-5E3D-4EE8-B50E-909C82E89C6B} = {319256B9-6312-4002-A42C-0DE425E77FDF}
		{C34F3CDF-D6FE-4224-85A9-FE0F62FED40C} = {319256B9-6312-4002-A42C-0DE425E77FDF}
		{D3D0F606-C3A6-4B1D-9240-65E467DD1A0B} = {6DAF93FC-2CAD-409A-96CC-3C11ADB9BA56}
		{165420F1-CF2E-407A-8CAA-A62421261331} = {6DAF93FC-2CAD-409A-96CC-3C11ADB9BA56}
		{D0D0F66E-E241-4082-8852-15E0C417631F} = {06E82393-5E3D-4EE8-B50E-909C82E89C6B}
		{189DCFC4-2A56-428D-BFD4-5F446DA4DF66} = {9C4A1CEF-B0CE-4304-BDE2-26983300F9A2}
		{C591DC62-FDE3-427A-95B3-07A5D9B8665E} = {189DCFC4-2A56-428D-BFD4-5F446DA4DF66}
		{D1789F1B-5CAA-4663-B3B6-D4FA1F03997F} = {9C4A1CEF-B0CE-4304-BDE2-26983300F9A2}
		{F276FCC8-6C10-4407-909D-F6D62BFE70F8} = {D1789F1B-5CAA-4663-B3B6-D4FA1F03997F}
		{DD377E68-BB78-4D97-96A9-7CDA42A3AC44} = {189DCFC4-2A56-428D-BFD4-5F446DA4DF66}
		{389E6903-FFF4-4E81-B7C4-5F27DE542D13} = {DD377E68-BB78-4D97-96A9-7CDA42A3AC44}
		{573F8E78-92E5-4D24-AB76-E8F06E506A77} = {DD377E68-BB78-4D97-96A9-7CDA42A3AC44}
		{CB6954C6-C413-4960-8FED-BAD8209E1BCF} = {D1789F1B-5CAA-4663-B3B6-D4FA1F03997F}
		{B824C164-0D00-47F6-A6E4-A336AEA388E8} = {DD377E68-BB78-4D97-96A9-7CDA42A3AC44}
	EndGlobalSection
	GlobalSection(ExtensibilityGlobals) = postSolution
		SolutionGuid = {3E1CB71C-1095-43A2-AA45-AF0F2C7904EF}
	EndGlobalSection
EndGlobal
